// !$*UTF8*$!
{
	archiveVersion = 1;
	classes = {
	};
	objectVersion = 46;
	objects = {

/* Begin PBXBuildFile section */
		2849DFCF1F9C0896008CCB6C /* AppDelegate.swift in Sources */ = {isa = PBXBuildFile; fileRef = 2849DFCE1F9C0896008CCB6C /* AppDelegate.swift */; };
		2849DFD11F9C0896008CCB6C /* ViewController.swift in Sources */ = {isa = PBXBuildFile; fileRef = 2849DFD01F9C0896008CCB6C /* ViewController.swift */; };
		2849DFD41F9C0896008CCB6C /* Main.storyboard in Resources */ = {isa = PBXBuildFile; fileRef = 2849DFD21F9C0896008CCB6C /* Main.storyboard */; };
		2849DFD61F9C0896008CCB6C /* Assets.xcassets in Resources */ = {isa = PBXBuildFile; fileRef = 2849DFD51F9C0896008CCB6C /* Assets.xcassets */; };
		2849DFD91F9C0896008CCB6C /* LaunchScreen.storyboard in Resources */ = {isa = PBXBuildFile; fileRef = 2849DFD71F9C0896008CCB6C /* LaunchScreen.storyboard */; };
		2849DFE11F9C0E66008CCB6C /* mapController.swift in Sources */ = {isa = PBXBuildFile; fileRef = 2849DFE01F9C0E66008CCB6C /* mapController.swift */; };
		2849E0011F9EE801008CCB6C /* SignInViewController.swift in Sources */ = {isa = PBXBuildFile; fileRef = 2849E0001F9EE801008CCB6C /* SignInViewController.swift */; };
		2849E0031F9EE812008CCB6C /* SignUpViewController.swift in Sources */ = {isa = PBXBuildFile; fileRef = 2849E0021F9EE812008CCB6C /* SignUpViewController.swift */; };
/* End PBXBuildFile section */

/* Begin PBXFileReference section */
		2849DFCB1F9C0895008CCB6C /* homeChef.app */ = {isa = PBXFileReference; explicitFileType = wrapper.application; includeInIndex = 0; path = homeChef.app; sourceTree = BUILT_PRODUCTS_DIR; };
		2849DFCE1F9C0896008CCB6C /* AppDelegate.swift */ = {isa = PBXFileReference; lastKnownFileType = sourcecode.swift; path = AppDelegate.swift; sourceTree = "<group>"; };
		2849DFD01F9C0896008CCB6C /* ViewController.swift */ = {isa = PBXFileReference; lastKnownFileType = sourcecode.swift; path = ViewController.swift; sourceTree = "<group>"; };
		2849DFD31F9C0896008CCB6C /* Base */ = {isa = PBXFileReference; lastKnownFileType = file.storyboard; name = Base; path = Base.lproj/Main.storyboard; sourceTree = "<group>"; };
		2849DFD51F9C0896008CCB6C /* Assets.xcassets */ = {isa = PBXFileReference; lastKnownFileType = folder.assetcatalog; path = Assets.xcassets; sourceTree = "<group>"; };
		2849DFD81F9C0896008CCB6C /* Base */ = {isa = PBXFileReference; lastKnownFileType = file.storyboard; name = Base; path = Base.lproj/LaunchScreen.storyboard; sourceTree = "<group>"; };
		2849DFDA1F9C0896008CCB6C /* Info.plist */ = {isa = PBXFileReference; lastKnownFileType = text.plist.xml; path = Info.plist; sourceTree = "<group>"; };
		2849DFE01F9C0E66008CCB6C /* mapController.swift */ = {isa = PBXFileReference; fileEncoding = 4; lastKnownFileType = sourcecode.swift; path = mapController.swift; sourceTree = "<group>"; };
		2849E0001F9EE801008CCB6C /* SignInViewController.swift */ = {isa = PBXFileReference; fileEncoding = 4; lastKnownFileType = sourcecode.swift; path = SignInViewController.swift; sourceTree = "<group>"; };
		2849E0021F9EE812008CCB6C /* SignUpViewController.swift */ = {isa = PBXFileReference; fileEncoding = 4; lastKnownFileType = sourcecode.swift; path = SignUpViewController.swift; sourceTree = "<group>"; };
		2849E0041F9F1D5E008CCB6C /* homeChef.entitlements */ = {isa = PBXFileReference; lastKnownFileType = text.plist.entitlements; path = homeChef.entitlements; sourceTree = "<group>"; };
/* End PBXFileReference section */

/* Begin PBXFrameworksBuildPhase section */
		2849DFC81F9C0895008CCB6C /* Frameworks */ = {
			isa = PBXFrameworksBuildPhase;
			buildActionMask = 2147483647;
			files = (
			);
			runOnlyForDeploymentPostprocessing = 0;
		};
/* End PBXFrameworksBuildPhase section */

/* Begin PBXGroup section */
		2849DFC21F9C0895008CCB6C = {
			isa = PBXGroup;
			children = (
				2849DFCD1F9C0896008CCB6C /* homeChef */,
				2849DFCC1F9C0895008CCB6C /* Products */,
			);
			sourceTree = "<group>";
		};
		2849DFCC1F9C0895008CCB6C /* Products */ = {
			isa = PBXGroup;
			children = (
				2849DFCB1F9C0895008CCB6C /* homeChef.app */,
			);
			name = Products;
			sourceTree = "<group>";
		};
		2849DFCD1F9C0896008CCB6C /* homeChef */ = {
			isa = PBXGroup;
			children = (
				2849E0041F9F1D5E008CCB6C /* homeChef.entitlements */,
				2849DFCE1F9C0896008CCB6C /* AppDelegate.swift */,
				2849DFD01F9C0896008CCB6C /* ViewController.swift */,
				2849DFD21F9C0896008CCB6C /* Main.storyboard */,
				2849DFD51F9C0896008CCB6C /* Assets.xcassets */,
				2849DFD71F9C0896008CCB6C /* LaunchScreen.storyboard */,
				2849DFDA1F9C0896008CCB6C /* Info.plist */,
				2849DFE01F9C0E66008CCB6C /* mapController.swift */,
				2849E0001F9EE801008CCB6C /* SignInViewController.swift */,
				2849E0021F9EE812008CCB6C /* SignUpViewController.swift */,
			);
			path = homeChef;
			sourceTree = "<group>";
		};
/* End PBXGroup section */

/* Begin PBXNativeTarget section */
		2849DFCA1F9C0895008CCB6C /* homeChef */ = {
			isa = PBXNativeTarget;
			buildConfigurationList = 2849DFDD1F9C0896008CCB6C /* Build configuration list for PBXNativeTarget "homeChef" */;
			buildPhases = (
				2849DFC71F9C0895008CCB6C /* Sources */,
				2849DFC81F9C0895008CCB6C /* Frameworks */,
				2849DFC91F9C0895008CCB6C /* Resources */,
			);
			buildRules = (
			);
			dependencies = (
			);
			name = homeChef;
			productName = homeChef;
			productReference = 2849DFCB1F9C0895008CCB6C /* homeChef.app */;
			productType = "com.apple.product-type.application";
		};
/* End PBXNativeTarget section */

/* Begin PBXProject section */
		2849DFC31F9C0895008CCB6C /* Project object */ = {
			isa = PBXProject;
			attributes = {
				LastSwiftUpdateCheck = 0830;
				LastUpgradeCheck = 0830;
				ORGANIZATIONNAME = "amit kumar";
				TargetAttributes = {
					2849DFCA1F9C0895008CCB6C = {
						CreatedOnToolsVersion = 8.3.3;
						DevelopmentTeam = L7YB54A645;
						ProvisioningStyle = Automatic;
						SystemCapabilities = {
							com.apple.Siri = {
								enabled = 1;
							};
						};
					};
				};
			};
			buildConfigurationList = 2849DFC61F9C0895008CCB6C /* Build configuration list for PBXProject "homeChef" */;
			compatibilityVersion = "Xcode 3.2";
			developmentRegion = English;
			hasScannedForEncodings = 0;
			knownRegions = (
				en,
				Base,
			);
			mainGroup = 2849DFC21F9C0895008CCB6C;
			productRefGroup = 2849DFCC1F9C0895008CCB6C /* Products */;
			projectDirPath = "";
			projectRoot = "";
			targets = (
				2849DFCA1F9C0895008CCB6C /* homeChef */,
			);
		};
/* End PBXProject section */

/* Begin PBXResourcesBuildPhase section */
		2849DFC91F9C0895008CCB6C /* Resources */ = {
			isa = PBXResourcesBuildPhase;
			buildActionMask = 2147483647;
			files = (
				2849DFD91F9C0896008CCB6C /* LaunchScreen.storyboard in Resources */,
				2849DFD61F9C0896008CCB6C /* Assets.xcassets in Resources */,
				2849DFD41F9C0896008CCB6C /* Main.storyboard in Resources */,
			);
			runOnlyForDeploymentPostprocessing = 0;
		};
/* End PBXResourcesBuildPhase section */

/* Begin PBXSourcesBuildPhase section */
		2849DFC71F9C0895008CCB6C /* Sources */ = {
			isa = PBXSourcesBuildPhase;
			buildActionMask = 2147483647;
			files = (
				2849E0011F9EE801008CCB6C /* SignInViewController.swift in Sources */,
				2849DFD11F9C0896008CCB6C /* ViewController.swift in Sources */,
				2849DFCF1F9C0896008CCB6C /* AppDelegate.swift in Sources */,
				2849DFE11F9C0E66008CCB6C /* mapController.swift in Sources */,
				2849E0031F9EE812008CCB6C /* SignUpViewController.swift in Sources */,
			);
			runOnlyForDeploymentPostprocessing = 0;
		};
/* End PBXSourcesBuildPhase section */

/* Begin PBXVariantGroup section */
		2849DFD21F9C0896008CCB6C /* Main.storyboard */ = {
			isa = PBXVariantGroup;
			children = (
				2849DFD31F9C0896008CCB6C /* Base */,
			);
			name = Main.storyboard;
			sourceTree = "<group>";
		};
		2849DFD71F9C0896008CCB6C /* LaunchScreen.storyboard */ = {
			isa = PBXVariantGroup;
			children = (
				2849DFD81F9C0896008CCB6C /* Base */,
			);
			name = LaunchScreen.storyboard;
			sourceTree = "<group>";
		};
/* End PBXVariantGroup section */

/* Begin XCBuildConfiguration section */
		2849DFDB1F9C0896008CCB6C /* Debug */ = {
			isa = XCBuildConfiguration;
			buildSettings = {
				ALWAYS_SEARCH_USER_PATHS = NO;
				CLANG_ANALYZER_NONNULL = YES;
				CLANG_ANALYZER_NUMBER_OBJECT_CONVERSION = YES_AGGRESSIVE;
				CLANG_CXX_LANGUAGE_STANDARD = "gnu++0x";
				CLANG_CXX_LIBRARY = "libc++";
				CLANG_ENABLE_MODULES = YES;
				CLANG_ENABLE_OBJC_ARC = YES;
				CLANG_WARN_BOOL_CONVERSION = YES;
				CLANG_WARN_CONSTANT_CONVERSION = YES;
				CLANG_WARN_DIRECT_OBJC_ISA_USAGE = YES_ERROR;
				CLANG_WARN_DOCUMENTATION_COMMENTS = YES;
				CLANG_WARN_EMPTY_BODY = YES;
				CLANG_WARN_ENUM_CONVERSION = YES;
				CLANG_WARN_INFINITE_RECURSION = YES;
				CLANG_WARN_INT_CONVERSION = YES;
				CLANG_WARN_OBJC_ROOT_CLASS = YES_ERROR;
				CLANG_WARN_SUSPICIOUS_MOVE = YES;
				CLANG_WARN_UNREACHABLE_CODE = YES;
				CLANG_WARN__DUPLICATE_METHOD_MATCH = YES;
				"CODE_SIGN_IDENTITY[sdk=iphoneos*]" = "iPhone Developer";
				COPY_PHASE_STRIP = NO;
				DEBUG_INFORMATION_FORMAT = dwarf;
				ENABLE_STRICT_OBJC_MSGSEND = YES;
				ENABLE_TESTABILITY = YES;
				GCC_C_LANGUAGE_STANDARD = gnu99;
				GCC_DYNAMIC_NO_PIC = NO;
				GCC_NO_COMMON_BLOCKS = YES;
				GCC_OPTIMIZATION_LEVEL = 0;
				GCC_PREPROCESSOR_DEFINITIONS = (
					"DEBUG=1",
					"$(inherited)",
				);
				GCC_WARN_64_TO_32_BIT_CONVERSION = YES;
				GCC_WARN_ABOUT_RETURN_TYPE = YES_ERROR;
				GCC_WARN_UNDECLARED_SELECTOR = YES;
				GCC_WARN_UNINITIALIZED_AUTOS = YES_AGGRESSIVE;
				GCC_WARN_UNUSED_FUNCTION = YES;
				GCC_WARN_UNUSED_VARIABLE = YES;
				IPHONEOS_DEPLOYMENT_TARGET = 10.3;
				MTL_ENABLE_DEBUG_INFO = YES;
				ONLY_ACTIVE_ARCH = YES;
				SDKROOT = iphoneos;
				SWIFT_ACTIVE_COMPILATION_CONDITIONS = DEBUG;
				SWIFT_OPTIMIZATION_LEVEL = "-Onone";
			};
			name = Debug;
		};
		2849DFDC1F9C0896008CCB6C /* Release */ = {
			isa = XCBuildConfiguration;
			buildSettings = {
				ALWAYS_SEARCH_USER_PATHS = NO;
				CLANG_ANALYZER_NONNULL = YES;
				CLANG_ANALYZER_NUMBER_OBJECT_CONVERSION = YES_AGGRESSIVE;
				CLANG_CXX_LANGUAGE_STANDARD = "gnu++0x";
				CLANG_CXX_LIBRARY = "libc++";
				CLANG_ENABLE_MODULES = YES;
				CLANG_ENABLE_OBJC_ARC = YES;
				CLANG_WARN_BOOL_CONVERSION = YES;
				CLANG_WARN_CONSTANT_CONVERSION = YES;
				CLANG_WARN_DIRECT_OBJC_ISA_USAGE = YES_ERROR;
				CLANG_WARN_DOCUMENTATION_COMMENTS = YES;
				CLANG_WARN_EMPTY_BODY = YES;
				CLANG_WARN_ENUM_CONVERSION = YES;
				CLANG_WARN_INFINITE_RECURSION = YES;
				CLANG_WARN_INT_CONVERSION = YES;
				CLANG_WARN_OBJC_ROOT_CLASS = YES_ERROR;
				CLANG_WARN_SUSPICIOUS_MOVE = YES;
				CLANG_WARN_UNREACHABLE_CODE = YES;
				CLANG_WARN__DUPLICATE_METHOD_MATCH = YES;
				"CODE_SIGN_IDENTITY[sdk=iphoneos*]" = "iPhone Developer";
				COPY_PHASE_STRIP = NO;
				DEBUG_INFORMATION_FORMAT = "dwarf-with-dsym";
				ENABLE_NS_ASSERTIONS = NO;
				ENABLE_STRICT_OBJC_MSGSEND = YES;
				GCC_C_LANGUAGE_STANDARD = gnu99;
				GCC_NO_COMMON_BLOCKS = YES;
				GCC_WARN_64_TO_32_BIT_CONVERSION = YES;
				GCC_WARN_ABOUT_RETURN_TYPE = YES_ERROR;
				GCC_WARN_UNDECLARED_SELECTOR = YES;
				GCC_WARN_UNINITIALIZED_AUTOS = YES_AGGRESSIVE;
				GCC_WARN_UNUSED_FUNCTION = YES;
				GCC_WARN_UNUSED_VARIABLE = YES;
				IPHONEOS_DEPLOYMENT_TARGET = 10.3;
				MTL_ENABLE_DEBUG_INFO = NO;
				SDKROOT = iphoneos;
				SWIFT_OPTIMIZATION_LEVEL = "-Owholemodule";
				VALIDATE_PRODUCT = YES;
			};
			name = Release;
		};
		2849DFDE1F9C0896008CCB6C /* Debug */ = {
			isa = XCBuildConfiguration;
			buildSettings = {
				ASSETCATALOG_COMPILER_APPICON_NAME = AppIcon;
				CODE_SIGN_ENTITLEMENTS = homeChef/homeChef.entitlements;
				DEVELOPMENT_TEAM = L7YB54A645;
				INFOPLIST_FILE = homeChef/Info.plist;
				LD_RUNPATH_SEARCH_PATHS = "$(inherited) @executable_path/Frameworks";
				PRODUCT_BUNDLE_IDENTIFIER = "com.mad-developer.homeChef";
				PRODUCT_NAME = "$(TARGET_NAME)";
				SWIFT_VERSION = 3.0;
			};
			name = Debug;
		};
		2849DFDF1F9C0896008CCB6C /* Release */ = {
			isa = XCBuildConfiguration;
			buildSettings = {
				ASSETCATALOG_COMPILER_APPICON_NAME = AppIcon;
				CODE_SIGN_ENTITLEMENTS = homeChef/homeChef.entitlements;
				DEVELOPMENT_TEAM = L7YB54A645;
				INFOPLIST_FILE = homeChef/Info.plist;
				LD_RUNPATH_SEARCH_PATHS = "$(inherited) @executable_path/Frameworks";
				PRODUCT_BUNDLE_IDENTIFIER = "com.mad-developer.homeChef";
				PRODUCT_NAME = "$(TARGET_NAME)";
				SWIFT_VERSION = 3.0;
			};
			name = Release;
		};
/* End XCBuildConfiguration section */

/* Begin XCConfigurationList section */
		2849DFC61F9C0895008CCB6C /* Build configuration list for PBXProject "homeChef" */ = {
			isa = XCConfigurationList;
			buildConfigurations = (
				2849DFDB1F9C0896008CCB6C /* Debug */,
				2849DFDC1F9C0896008CCB6C /* Release */,
			);
			defaultConfigurationIsVisible = 0;
			defaultConfigurationName = Release;
		};
		2849DFDD1F9C0896008CCB6C /* Build configuration list for PBXNativeTarget "homeChef" */ = {
			isa = XCConfigurationList;
			buildConfigurations = (
				2849DFDE1F9C0896008CCB6C /* Debug */,
				2849DFDF1F9C0896008CCB6C /* Release */,
			);
			defaultConfigurationIsVisible = 0;
			defaultConfigurationName = Release;
		};
/* End XCConfigurationList section */
	};
	rootObject = 2849DFC31F9C0895008CCB6C /* Project object */;
}
